{
    "_meta": {
        "hash": {
            "sha256": "05d41cb9d01d7c408149321e7793ed34747152bd64b3926458f46bab3234f912"
        },
        "pipfile-spec": 6,
        "requires": {
            "python_version": "3.7"
        },
        "sources": [
            {
                "name": "pypi",
                "url": "https://pypi.org/simple",
                "verify_ssl": true
            }
        ]
    },
    "default": {
        "cli-app": {
            "hashes": [
                "sha256:652d829e6cfa44a776d9442f142178406741f3cec7e9fa597b1fe954873ed495",
                "sha256:826e541f3aa3243ba2d134d20435ace714912166b34f74bfe64852e55a49d90d"
            ],
            "index": "pypi",
            "version": "==0.1.0"
        },
        "peewee": {
            "hashes": [
                "sha256:f0249be468e3b119a8ad83f686e7fe161303197e0534e3cdff8fa5a5417c01a5"
            ],
            "index": "pypi",
            "version": "==3.9.5"
        }
    },
    "develop": {}
}
